<?xml version="1.0" encoding="utf-8"?>
<Project ToolsVersion="4.0" xmlns="http://schemas.microsoft.com/developer/msbuild/2003">
  <ItemGroup>
    <Filter Include="MemoryUtils">
      <UniqueIdentifier>{53116569-591c-4c21-a8de-5b27743f464e}</UniqueIdentifier>
    </Filter>
    <Filter Include="ConsolePrinter">
      <UniqueIdentifier>{fd96062c-0f25-495a-8312-cfacb03fc0ae}</UniqueIdentifier>
    </Filter>
    <Filter Include="PageProc">
      <UniqueIdentifier>{a1a7c3e1-031e-47e0-89c9-d5207d7e8b4a}</UniqueIdentifier>
    </Filter>
    <Filter Include="ScreenController">
      <UniqueIdentifier>{93995380-89BD-4b04-88EB-625FBE52EBFB}</UniqueIdentifier>
      <Extensions>h;hh;hpp;hxx;h++;hm;inl;inc;ipp;xsd</Extensions>
    </Filter>
  </ItemGroup>
  <ItemGroup>
    <ClCompile Include="Console.cpp">
      <Filter>ConsolePrinter</Filter>
    </ClCompile>
    <ClCompile Include="MemUtils.cpp">
      <Filter>MemoryUtils</Filter>
    </ClCompile>
    <ClCompile Include="ScreenController.cpp">
      <Filter>ScreenController</Filter>
    </ClCompile>
    <ClCompile Include="main.cpp" />
    <ClCompile Include="PageProcess.cpp">
      <Filter>PageProc</Filter>
    </ClCompile>
  </ItemGroup>
  <ItemGroup>
    <ClInclude Include="ScreenController.h">
      <Filter>ScreenController</Filter>
    </ClInclude>
    <ClInclude Include="Console.h">
      <Filter>ConsolePrinter</Filter>
    </ClInclude>
    <ClInclude Include="MemUtils.h">
      <Filter>MemoryUtils</Filter>
    </ClInclude>
    <ClInclude Include="PageProcess.h">
      <Filter>PageProc</Filter>
    </ClInclude>
  </ItemGroup>
</Project>